
Microsoft Visual Studio Solution File, Format Version 12.00
# Visual Studio Version 16
VisualStudioVersion = 16.0.29905.134
MinimumVisualStudioVersion = 10.0.40219.1
Project("{FAE04EC0-301F-11D3-BF4B-00C04F79EFBC}") = "BMS.Presentation", "BMS.Presentation\BMS.Presentation.csproj", "{0C767BB2-1B9D-436F-8F44-0AC3A1B5ED0D}"
EndProject
Project("{FAE04EC0-301F-11D3-BF4B-00C04F79EFBC}") = "BMS.DataAccess", "BMS.DataAccess\BMS.DataAccess.csproj", "{81C18E2E-5B7A-4247-A530-89578D9B6492}"
EndProject
Project("{FAE04EC0-301F-11D3-BF4B-00C04F79EFBC}") = "BMS.BusinessLogic", "BMS.BusinessLogic\BMS.BusinessLogic.csproj", "{2D793F09-A737-479A-908C-F2F6299409B0}"
EndProject
Global
	GlobalSection(SolutionConfigurationPlatforms) = preSolution
		Debug|Any CPU = Debug|Any CPU
		Release|Any CPU = Release|Any CPU
	EndGlobalSection
	GlobalSection(ProjectConfigurationPlatforms) = postSolution
		{0C767BB2-1B9D-436F-8F44-0AC3A1B5ED0D}.Debug|Any CPU.ActiveCfg = Debug|Any CPU
		{0C767BB2-1B9D-436F-8F44-0AC3A1B5ED0D}.Debug|Any CPU.Build.0 = Debug|Any CPU
		{0C767BB2-1B9D-436F-8F44-0AC3A1B5ED0D}.Release|Any CPU.ActiveCfg = Release|Any CPU
		{0C767BB2-1B9D-436F-8F44-0AC3A1B5ED0D}.Release|Any CPU.Build.0 = Release|Any CPU
		{81C18E2E-5B7A-4247-A530-89578D9B6492}.Debug|Any CPU.ActiveCfg = Debug|Any CPU
		{81C18E2E-5B7A-4247-A530-89578D9B6492}.Debug|Any CPU.Build.0 = Debug|Any CPU
		{81C18E2E-5B7A-4247-A530-89578D9B6492}.Release|Any CPU.ActiveCfg = Release|Any CPU
		{81C18E2E-5B7A-4247-A530-89578D9B6492}.Release|Any CPU.Build.0 = Release|Any CPU
		{2D793F09-A737-479A-908C-F2F6299409B0}.Debug|Any CPU.ActiveCfg = Debug|Any CPU
		{2D793F09-A737-479A-908C-F2F6299409B0}.Debug|Any CPU.Build.0 = Debug|Any CPU
		{2D793F09-A737-479A-908C-F2F6299409B0}.Release|Any CPU.ActiveCfg = Release|Any CPU
		{2D793F09-A737-479A-908C-F2F6299409B0}.Release|Any CPU.Build.0 = Release|Any CPU
	EndGlobalSection
	GlobalSection(SolutionProperties) = preSolution
		HideSolutionNode = FALSE
	EndGlobalSection
	GlobalSection(ExtensibilityGlobals) = postSolution
		SolutionGuid = {9B7B05C4-6539-4B79-9F36-ED42EF5BEA9E}
	EndGlobalSection
EndGlobal
